
Microsoft Visual Studio Solution File, Format Version 12.00
# Visual Studio Version 16
VisualStudioVersion = 16.0.29306.81
MinimumVisualStudioVersion = 10.0.40219.1
Project("{FAE04EC0-301F-11D3-BF4B-00C04F79EFBC}") = "stunde2.2", "stunde2.2.csproj", "{79CECB69-71C3-42B4-9FE2-57413A5D6577}"
EndProject
Global
	GlobalSection(SolutionConfigurationPlatforms) = preSolution
		Debug|Any CPU = Debug|Any CPU
		Release|Any CPU = Release|Any CPU
	EndGlobalSection
	GlobalSection(ProjectConfigurationPlatforms) = postSolution
		{79CECB69-71C3-42B4-9FE2-57413A5D6577}.Debug|Any CPU.ActiveCfg = Debug|Any CPU
		{79CECB69-71C3-42B4-9FE2-57413A5D6577}.Debug|Any CPU.Build.0 = Debug|Any CPU
		{79CECB69-71C3-42B4-9FE2-57413A5D6577}.Release|Any CPU.ActiveCfg = Release|Any CPU
		{79CECB69-71C3-42B4-9FE2-57413A5D6577}.Release|Any CPU.Build.0 = Release|Any CPU
	EndGlobalSection
	GlobalSection(SolutionProperties) = preSolution
		HideSolutionNode = FALSE
	EndGlobalSection
	GlobalSection(ExtensibilityGlobals) = postSolution
		SolutionGuid = {91FE8B47-5B2C-40A9-B02C-11E8869DE166}
	EndGlobalSection
EndGlobal
